// !$*UTF8*$!
{
	archiveVersion = 1;
	classes = {
	};
	objectVersion = 50;
	objects = {

/* Begin PBXBuildFile section */
		367EBAC220B1B00800968BBC /* AppDelegate.swift in Sources */ = {isa = PBXBuildFile; fileRef = 367EBAC120B1B00800968BBC /* AppDelegate.swift */; };
		367EBAC420B1B00800968BBC /* ViewController.swift in Sources */ = {isa = PBXBuildFile; fileRef = 367EBAC320B1B00800968BBC /* ViewController.swift */; };
		367EBAC720B1B00800968BBC /* Main.storyboard in Resources */ = {isa = PBXBuildFile; fileRef = 367EBAC520B1B00800968BBC /* Main.storyboard */; };
		367EBAC920B1B00A00968BBC /* Assets.xcassets in Resources */ = {isa = PBXBuildFile; fileRef = 367EBAC820B1B00A00968BBC /* Assets.xcassets */; };
		367EBACC20B1B00A00968BBC /* LaunchScreen.storyboard in Resources */ = {isa = PBXBuildFile; fileRef = 367EBACA20B1B00A00968BBC /* LaunchScreen.storyboard */; };
		367EBAD720B1B00B00968BBC /* teratail_126954Tests.swift in Sources */ = {isa = PBXBuildFile; fileRef = 367EBAD620B1B00B00968BBC /* teratail_126954Tests.swift */; };
		367EBAE220B1B00B00968BBC /* teratail_126954UITests.swift in Sources */ = {isa = PBXBuildFile; fileRef = 367EBAE120B1B00B00968BBC /* teratail_126954UITests.swift */; };
		367EBAF020B1B11100968BBC /* CollectionViewController.swift in Sources */ = {isa = PBXBuildFile; fileRef = 367EBAEF20B1B11100968BBC /* CollectionViewController.swift */; };
		367EBAF220B1B17E00968BBC /* CollectionViewCell.swift in Sources */ = {isa = PBXBuildFile; fileRef = 367EBAF120B1B17E00968BBC /* CollectionViewCell.swift */; };
/* End PBXBuildFile section */

/* Begin PBXContainerItemProxy section */
		367EBAD320B1B00B00968BBC /* PBXContainerItemProxy */ = {
			isa = PBXContainerItemProxy;
			containerPortal = 367EBAB620B1B00800968BBC /* Project object */;
			proxyType = 1;
			remoteGlobalIDString = 367EBABD20B1B00800968BBC;
			remoteInfo = teratail_126954;
		};
		367EBADE20B1B00B00968BBC /* PBXContainerItemProxy */ = {
			isa = PBXContainerItemProxy;
			containerPortal = 367EBAB620B1B00800968BBC /* Project object */;
			proxyType = 1;
			remoteGlobalIDString = 367EBABD20B1B00800968BBC;
			remoteInfo = teratail_126954;
		};
/* End PBXContainerItemProxy section */

/* Begin PBXFileReference section */
		367EBABE20B1B00800968BBC /* teratail_126954.app */ = {isa = PBXFileReference; explicitFileType = wrapper.application; includeInIndex = 0; path = teratail_126954.app; sourceTree = BUILT_PRODUCTS_DIR; };
		367EBAC120B1B00800968BBC /* AppDelegate.swift */ = {isa = PBXFileReference; lastKnownFileType = sourcecode.swift; path = AppDelegate.swift; sourceTree = "<group>"; };
		367EBAC320B1B00800968BBC /* ViewController.swift */ = {isa = PBXFileReference; lastKnownFileType = sourcecode.swift; path = ViewController.swift; sourceTree = "<group>"; };
		367EBAC620B1B00800968BBC /* Base */ = {isa = PBXFileReference; lastKnownFileType = file.storyboard; name = Base; path = Base.lproj/Main.storyboard; sourceTree = "<group>"; };
		367EBAC820B1B00A00968BBC /* Assets.xcassets */ = {isa = PBXFileReference; lastKnownFileType = folder.assetcatalog; path = Assets.xcassets; sourceTree = "<group>"; };
		367EBACB20B1B00A00968BBC /* Base */ = {isa = PBXFileReference; lastKnownFileType = file.storyboard; name = Base; path = Base.lproj/LaunchScreen.storyboard; sourceTree = "<group>"; };
		367EBACD20B1B00A00968BBC /* Info.plist */ = {isa = PBXFileReference; lastKnownFileType = text.plist.xml; path = Info.plist; sourceTree = "<group>"; };
		367EBAD220B1B00B00968BBC /* teratail_126954Tests.xctest */ = {isa = PBXFileReference; explicitFileType = wrapper.cfbundle; includeInIndex = 0; path = teratail_126954Tests.xctest; sourceTree = BUILT_PRODUCTS_DIR; };
		367EBAD620B1B00B00968BBC /* teratail_126954Tests.swift */ = {isa = PBXFileReference; lastKnownFileType = sourcecode.swift; path = teratail_126954Tests.swift; sourceTree = "<group>"; };
		367EBAD820B1B00B00968BBC /* Info.plist */ = {isa = PBXFileReference; lastKnownFileType = text.plist.xml; path = Info.plist; sourceTree = "<group>"; };
		367EBADD20B1B00B00968BBC /* teratail_126954UITests.xctest */ = {isa = PBXFileReference; explicitFileType = wrapper.cfbundle; includeInIndex = 0; path = teratail_126954UITests.xctest; sourceTree = BUILT_PRODUCTS_DIR; };
		367EBAE120B1B00B00968BBC /* teratail_126954UITests.swift */ = {isa = PBXFileReference; lastKnownFileType = sourcecode.swift; path = teratail_126954UITests.swift; sourceTree = "<group>"; };
		367EBAE320B1B00B00968BBC /* Info.plist */ = {isa = PBXFileReference; lastKnownFileType = text.plist.xml; path = Info.plist; sourceTree = "<group>"; };
		367EBAEF20B1B11100968BBC /* CollectionViewController.swift */ = {isa = PBXFileReference; lastKnownFileType = sourcecode.swift; path = CollectionViewController.swift; sourceTree = "<group>"; };
		367EBAF120B1B17E00968BBC /* CollectionViewCell.swift */ = {isa = PBXFileReference; lastKnownFileType = sourcecode.swift; path = CollectionViewCell.swift; sourceTree = "<group>"; };
/* End PBXFileReference section */

/* Begin PBXFrameworksBuildPhase section */
		367EBABB20B1B00800968BBC /* Frameworks */ = {
			isa = PBXFrameworksBuildPhase;
			buildActionMask = 2147483647;
			files = (
			);
			runOnlyForDeploymentPostprocessing = 0;
		};
		367EBACF20B1B00B00968BBC /* Frameworks */ = {
			isa = PBXFrameworksBuildPhase;
			buildActionMask = 2147483647;
			files = (
			);
			runOnlyForDeploymentPostprocessing = 0;
		};
		367EBADA20B1B00B00968BBC /* Frameworks */ = {
			isa = PBXFrameworksBuildPhase;
			buildActionMask = 2147483647;
			files = (
			);
			runOnlyForDeploymentPostprocessing = 0;
		};
/* End PBXFrameworksBuildPhase section */

/* Begin PBXGroup section */
		367EBAB520B1B00800968BBC = {
			isa = PBXGroup;
			children = (
				367EBAC020B1B00800968BBC /* teratail_126954 */,
				367EBAD520B1B00B00968BBC /* teratail_126954Tests */,
				367EBAE020B1B00B00968BBC /* teratail_126954UITests */,
				367EBABF20B1B00800968BBC /* Products */,
			);
			sourceTree = "<group>";
		};
		367EBABF20B1B00800968BBC /* Products */ = {
			isa = PBXGroup;
			children = (
				367EBABE20B1B00800968BBC /* teratail_126954.app */,
				367EBAD220B1B00B00968BBC /* teratail_126954Tests.xctest */,
				367EBADD20B1B00B00968BBC /* teratail_126954UITests.xctest */,
			);
			name = Products;
			sourceTree = "<group>";
		};
		367EBAC020B1B00800968BBC /* teratail_126954 */ = {
			isa = PBXGroup;
			children = (
				367EBAC120B1B00800968BBC /* AppDelegate.swift */,
				367EBAC320B1B00800968BBC /* ViewController.swift */,
				367EBAEF20B1B11100968BBC /* CollectionViewController.swift */,
				367EBAF120B1B17E00968BBC /* CollectionViewCell.swift */,
				367EBAC520B1B00800968BBC /* Main.storyboard */,
				367EBAC820B1B00A00968BBC /* Assets.xcassets */,
				367EBACA20B1B00A00968BBC /* LaunchScreen.storyboard */,
				367EBACD20B1B00A00968BBC /* Info.plist */,
			);
			path = teratail_126954;
			sourceTree = "<group>";
		};
		367EBAD520B1B00B00968BBC /* teratail_126954Tests */ = {
			isa = PBXGroup;
			children = (
				367EBAD620B1B00B00968BBC /* teratail_126954Tests.swift */,
				367EBAD820B1B00B00968BBC /* Info.plist */,
			);
			path = teratail_126954Tests;
			sourceTree = "<group>";
		};
		367EBAE020B1B00B00968BBC /* teratail_126954UITests */ = {
			isa = PBXGroup;
			children = (
				367EBAE120B1B00B00968BBC /* teratail_126954UITests.swift */,
				367EBAE320B1B00B00968BBC /* Info.plist */,
			);
			path = teratail_126954UITests;
			sourceTree = "<group>";
		};
/* End PBXGroup section */

/* Begin PBXNativeTarget section */
		367EBABD20B1B00800968BBC /* teratail_126954 */ = {
			isa = PBXNativeTarget;
			buildConfigurationList = 367EBAE620B1B00B00968BBC /* Build configuration list for PBXNativeTarget "teratail_126954" */;
			buildPhases = (
				367EBABA20B1B00800968BBC /* Sources */,
				367EBABB20B1B00800968BBC /* Frameworks */,
				367EBABC20B1B00800968BBC /* Resources */,
			);
			buildRules = (
			);
			dependencies = (
			);
			name = teratail_126954;
			productName = teratail_126954;
			productReference = 367EBABE20B1B00800968BBC /* teratail_126954.app */;
			productType = "com.apple.product-type.application";
		};
		367EBAD120B1B00B00968BBC /* teratail_126954Tests */ = {
			isa = PBXNativeTarget;
			buildConfigurationList = 367EBAE920B1B00B00968BBC /* Build configuration list for PBXNativeTarget "teratail_126954Tests" */;
			buildPhases = (
				367EBACE20B1B00B00968BBC /* Sources */,
				367EBACF20B1B00B00968BBC /* Frameworks */,
				367EBAD020B1B00B00968BBC /* Resources */,
			);
			buildRules = (
			);
			dependencies = (
				367EBAD420B1B00B00968BBC /* PBXTargetDependency */,
			);
			name = teratail_126954Tests;
			productName = teratail_126954Tests;
			productReference = 367EBAD220B1B00B00968BBC /* teratail_126954Tests.xctest */;
			productType = "com.apple.product-type.bundle.unit-test";
		};
		367EBADC20B1B00B00968BBC /* teratail_126954UITests */ = {
			isa = PBXNativeTarget;
			buildConfigurationList = 367EBAEC20B1B00B00968BBC /* Build configuration list for PBXNativeTarget "teratail_126954UITests" */;
			buildPhases = (
				367EBAD920B1B00B00968BBC /* Sources */,
				367EBADA20B1B00B00968BBC /* Frameworks */,
				367EBADB20B1B00B00968BBC /* Resources */,
			);
			buildRules = (
			);
			dependencies = (
				367EBADF20B1B00B00968BBC /* PBXTargetDependency */,
			);
			name = teratail_126954UITests;
			productName = teratail_126954UITests;
			productReference = 367EBADD20B1B00B00968BBC /* teratail_126954UITests.xctest */;
			productType = "com.apple.product-type.bundle.ui-testing";
		};
/* End PBXNativeTarget section */

/* Begin PBXProject section */
		367EBAB620B1B00800968BBC /* Project object */ = {
			isa = PBXProject;
			attributes = {
				LastSwiftUpdateCheck = 0930;
				LastUpgradeCheck = 0930;
				ORGANIZATIONNAME = Kentarou;
				TargetAttributes = {
					367EBABD20B1B00800968BBC = {
						CreatedOnToolsVersion = 9.3;
					};
					367EBAD120B1B00B00968BBC = {
						CreatedOnToolsVersion = 9.3;
						TestTargetID = 367EBABD20B1B00800968BBC;
					};
					367EBADC20B1B00B00968BBC = {
						CreatedOnToolsVersion = 9.3;
						TestTargetID = 367EBABD20B1B00800968BBC;
					};
				};
			};
			buildConfigurationList = 367EBAB920B1B00800968BBC /* Build configuration list for PBXProject "teratail_126954" */;
			compatibilityVersion = "Xcode 9.3";
			developmentRegion = en;
			hasScannedForEncodings = 0;
			knownRegions = (
				en,
				Base,
			);
			mainGroup = 367EBAB520B1B00800968BBC;
			productRefGroup = 367EBABF20B1B00800968BBC /* Products */;
			projectDirPath = "";
			projectRoot = "";
			targets = (
				367EBABD20B1B00800968BBC /* teratail_126954 */,
				367EBAD120B1B00B00968BBC /* teratail_126954Tests */,
				367EBADC20B1B00B00968BBC /* teratail_126954UITests */,
			);
		};
/* End PBXProject section */

/* Begin PBXResourcesBuildPhase section */
		367EBABC20B1B00800968BBC /* Resources */ = {
			isa = PBXResourcesBuildPhase;
			buildActionMask = 2147483647;
			files = (
				367EBACC20B1B00A00968BBC /* LaunchScreen.storyboard in Resources */,
				367EBAC920B1B00A00968BBC /* Assets.xcassets in Resources */,
				367EBAC720B1B00800968BBC /* Main.storyboard in Resources */,
			);
			runOnlyForDeploymentPostprocessing = 0;
		};
		367EBAD020B1B00B00968BBC /* Resources */ = {
			isa = PBXResourcesBuildPhase;
			buildActionMask = 2147483647;
			files = (
			);
			runOnlyForDeploymentPostprocessing = 0;
		};
		367EBADB20B1B00B00968BBC /* Resources */ = {
			isa = PBXResourcesBuildPhase;
			buildActionMask = 2147483647;
			files = (
			);
			runOnlyForDeploymentPostprocessing = 0;
		};
/* End PBXResourcesBuildPhase section */

/* Begin PBXSourcesBuildPhase section */
		367EBABA20B1B00800968BBC /* Sources */ = {
			isa = PBXSourcesBuildPhase;
			buildActionMask = 2147483647;
			files = (
				367EBAF020B1B11100968BBC /* CollectionViewController.swift in Sources */,
				367EBAC420B1B00800968BBC /* ViewController.swift in Sources */,
				367EBAF220B1B17E00968BBC /* CollectionViewCell.swift in Sources */,
				367EBAC220B1B00800968BBC /* AppDelegate.swift in Sources */,
			);
			runOnlyForDeploymentPostprocessing = 0;
		};
		367EBACE20B1B00B00968BBC /* Sources */ = {
			isa = PBXSourcesBuildPhase;
			buildActionMask = 2147483647;
			files = (
				367EBAD720B1B00B00968BBC /* teratail_126954Tests.swift in Sources */,
			);
			runOnlyForDeploymentPostprocessing = 0;
		};
		367EBAD920B1B00B00968BBC /* Sources */ = {
			isa = PBXSourcesBuildPhase;
			buildActionMask = 2147483647;
			files = (
				367EBAE220B1B00B00968BBC /* teratail_126954UITests.swift in Sources */,
			);
			runOnlyForDeploymentPostprocessing = 0;
		};
/* End PBXSourcesBuildPhase section */

/* Begin PBXTargetDependency section */
		367EBAD420B1B00B00968BBC /* PBXTargetDependency */ = {
			isa = PBXTargetDependency;
			target = 367EBABD20B1B00800968BBC /* teratail_126954 */;
			targetProxy = 367EBAD320B1B00B00968BBC /* PBXContainerItemProxy */;
		};
		367EBADF20B1B00B00968BBC /* PBXTargetDependency */ = {
			isa = PBXTargetDependency;
			target = 367EBABD20B1B00800968BBC /* teratail_126954 */;
			targetProxy = 367EBADE20B1B00B00968BBC /* PBXContainerItemProxy */;
		};
/* End PBXTargetDependency section */

/* Begin PBXVariantGroup section */
		367EBAC520B1B00800968BBC /* Main.storyboard */ = {
			isa = PBXVariantGroup;
			children = (
				367EBAC620B1B00800968BBC /* Base */,
			);
			name = Main.storyboard;
			sourceTree = "<group>";
		};
		367EBACA20B1B00A00968BBC /* LaunchScreen.storyboard */ = {
			isa = PBXVariantGroup;
			children = (
				367EBACB20B1B00A00968BBC /* Base */,
			);
			name = LaunchScreen.storyboard;
			sourceTree = "<group>";
		};
/* End PBXVariantGroup section */

/* Begin XCBuildConfiguration section */
		367EBAE420B1B00B00968BBC /* Debug */ = {
			isa = XCBuildConfiguration;
			buildSettings = {
				ALWAYS_SEARCH_USER_PATHS = NO;
				CLANG_ANALYZER_NONNULL = YES;
				CLANG_ANALYZER_NUMBER_OBJECT_CONVERSION = YES_AGGRESSIVE;
				CLANG_CXX_LANGUAGE_STANDARD = "gnu++14";
				CLANG_CXX_LIBRARY = "libc++";
				CLANG_ENABLE_MODULES = YES;
				CLANG_ENABLE_OBJC_ARC = YES;
				CLANG_ENABLE_OBJC_WEAK = YES;
				CLANG_WARN_BLOCK_CAPTURE_AUTORELEASING = YES;
				CLANG_WARN_BOOL_CONVERSION = YES;
				CLANG_WARN_COMMA = YES;
				CLANG_WARN_CONSTANT_CONVERSION = YES;
				CLANG_WARN_DEPRECATED_OBJC_IMPLEMENTATIONS = YES;
				CLANG_WARN_DIRECT_OBJC_ISA_USAGE = YES_ERROR;
				CLANG_WARN_DOCUMENTATION_COMMENTS = YES;
				CLANG_WARN_EMPTY_BODY = YES;
				CLANG_WARN_ENUM_CONVERSION = YES;
				CLANG_WARN_INFINITE_RECURSION = YES;
				CLANG_WARN_INT_CONVERSION = YES;
				CLANG_WARN_NON_LITERAL_NULL_CONVERSION = YES;
				CLANG_WARN_OBJC_IMPLICIT_RETAIN_SELF = YES;
				CLANG_WARN_OBJC_LITERAL_CONVERSION = YES;
				CLANG_WARN_OBJC_ROOT_CLASS = YES_ERROR;
				CLANG_WARN_RANGE_LOOP_ANALYSIS = YES;
				CLANG_WARN_STRICT_PROTOTYPES = YES;
				CLANG_WARN_SUSPICIOUS_MOVE = YES;
				CLANG_WARN_UNGUARDED_AVAILABILITY = YES_AGGRESSIVE;
				CLANG_WARN_UNREACHABLE_CODE = YES;
				CLANG_WARN__DUPLICATE_METHOD_MATCH = YES;
				CODE_SIGN_IDENTITY = "iPhone Developer";
				COPY_PHASE_STRIP = NO;
				DEBUG_INFORMATION_FORMAT = dwarf;
				ENABLE_STRICT_OBJC_MSGSEND = YES;
				ENABLE_TESTABILITY = YES;
				GCC_C_LANGUAGE_STANDARD = gnu11;
				GCC_DYNAMIC_NO_PIC = NO;
				GCC_NO_COMMON_BLOCKS = YES;
				GCC_OPTIMIZATION_LEVEL = 0;
				GCC_PREPROCESSOR_DEFINITIONS = (
					"DEBUG=1",
					"$(inherited)",
				);
				GCC_WARN_64_TO_32_BIT_CONVERSION = YES;
				GCC_WARN_ABOUT_RETURN_TYPE = YES_ERROR;
				GCC_WARN_UNDECLARED_SELECTOR = YES;
				GCC_WARN_UNINITIALIZED_AUTOS = YES_AGGRESSIVE;
				GCC_WARN_UNUSED_FUNCTION = YES;
				GCC_WARN_UNUSED_VARIABLE = YES;
				IPHONEOS_DEPLOYMENT_TARGET = 11.3;
				MTL_ENABLE_DEBUG_INFO = YES;
				ONLY_ACTIVE_ARCH = YES;
				SDKROOT = iphoneos;
				SWIFT_ACTIVE_COMPILATION_CONDITIONS = DEBUG;
				SWIFT_OPTIMIZATION_LEVEL = "-Onone";
			};
			name = Debug;
		};
		367EBAE520B1B00B00968BBC /* Release */ = {
			isa = XCBuildConfiguration;
			buildSettings = {
				ALWAYS_SEARCH_USER_PATHS = NO;
				CLANG_ANALYZER_NONNULL = YES;
				CLANG_ANALYZER_NUMBER_OBJECT_CONVERSION = YES_AGGRESSIVE;
				CLANG_CXX_LANGUAGE_STANDARD = "gnu++14";
				CLANG_CXX_LIBRARY = "libc++";
				CLANG_ENABLE_MODULES = YES;
				CLANG_ENABLE_OBJC_ARC = YES;
				CLANG_ENABLE_OBJC_WEAK = YES;
				CLANG_WARN_BLOCK_CAPTURE_AUTORELEASING = YES;
				CLANG_WARN_BOOL_CONVERSION = YES;
				CLANG_WARN_COMMA = YES;
				CLANG_WARN_CONSTANT_CONVERSION = YES;
				CLANG_WARN_DEPRECATED_OBJC_IMPLEMENTATIONS = YES;
				CLANG_WARN_DIRECT_OBJC_ISA_USAGE = YES_ERROR;
				CLANG_WARN_DOCUMENTATION_COMMENTS = YES;
				CLANG_WARN_EMPTY_BODY = YES;
				CLANG_WARN_ENUM_CONVERSION = YES;
				CLANG_WARN_INFINITE_RECURSION = YES;
				CLANG_WARN_INT_CONVERSION = YES;
				CLANG_WARN_NON_LITERAL_NULL_CONVERSION = YES;
				CLANG_WARN_OBJC_IMPLICIT_RETAIN_SELF = YES;
				CLANG_WARN_OBJC_LITERAL_CONVERSION = YES;
				CLANG_WARN_OBJC_ROOT_CLASS = YES_ERROR;
				CLANG_WARN_RANGE_LOOP_ANALYSIS = YES;
				CLANG_WARN_STRICT_PROTOTYPES = YES;
				CLANG_WARN_SUSPICIOUS_MOVE = YES;
				CLANG_WARN_UNGUARDED_AVAILABILITY = YES_AGGRESSIVE;
				CLANG_WARN_UNREACHABLE_CODE = YES;
				CLANG_WARN__DUPLICATE_METHOD_MATCH = YES;
				CODE_SIGN_IDENTITY = "iPhone Developer";
				COPY_PHASE_STRIP = NO;
				DEBUG_INFORMATION_FORMAT = "dwarf-with-dsym";
				ENABLE_NS_ASSERTIONS = NO;
				ENABLE_STRICT_OBJC_MSGSEND = YES;
				GCC_C_LANGUAGE_STANDARD = gnu11;
				GCC_NO_COMMON_BLOCKS = YES;
				GCC_WARN_64_TO_32_BIT_CONVERSION = YES;
				GCC_WARN_ABOUT_RETURN_TYPE = YES_ERROR;
				GCC_WARN_UNDECLARED_SELECTOR = YES;
				GCC_WARN_UNINITIALIZED_AUTOS = YES_AGGRESSIVE;
				GCC_WARN_UNUSED_FUNCTION = YES;
				GCC_WARN_UNUSED_VARIABLE = YES;
				IPHONEOS_DEPLOYMENT_TARGET = 11.3;
				MTL_ENABLE_DEBUG_INFO = NO;
				SDKROOT = iphoneos;
				SWIFT_COMPILATION_MODE = wholemodule;
				SWIFT_OPTIMIZATION_LEVEL = "-O";
				VALIDATE_PRODUCT = YES;
			};
			name = Release;
		};
		367EBAE720B1B00B00968BBC /* Debug */ = {
			isa = XCBuildConfiguration;
			buildSettings = {
				ASSETCATALOG_COMPILER_APPICON_NAME = AppIcon;
				CODE_SIGN_STYLE = Automatic;
				DEVELOPMENT_TEAM = HY9CXX38QG;
				INFOPLIST_FILE = teratail_126954/Info.plist;
				LD_RUNPATH_SEARCH_PATHS = (
					"$(inherited)",
					"@executable_path/Frameworks",
				);
				PRODUCT_BUNDLE_IDENTIFIER = "me.kentarou.teratail-126954";
				PRODUCT_NAME = "$(TARGET_NAME)";
				SWIFT_VERSION = 4.0;
				TARGETED_DEVICE_FAMILY = "1,2";
			};
			name = Debug;
		};
		367EBAE820B1B00B00968BBC /* Release */ = {
			isa = XCBuildConfiguration;
			buildSettings = {
				ASSETCATALOG_COMPILER_APPICON_NAME = AppIcon;
				CODE_SIGN_STYLE = Automatic;
				DEVELOPMENT_TEAM = HY9CXX38QG;
				INFOPLIST_FILE = teratail_126954/Info.plist;
				LD_RUNPATH_SEARCH_PATHS = (
					"$(inherited)",
					"@executable_path/Frameworks",
				);
				PRODUCT_BUNDLE_IDENTIFIER = "me.kentarou.teratail-126954";
				PRODUCT_NAME = "$(TARGET_NAME)";
				SWIFT_VERSION = 4.0;
				TARGETED_DEVICE_FAMILY = "1,2";
			};
			name = Release;
		};
		367EBAEA20B1B00B00968BBC /* Debug */ = {
			isa = XCBuildConfiguration;
			buildSettings = {
				ALWAYS_EMBED_SWIFT_STANDARD_LIBRARIES = YES;
				BUNDLE_LOADER = "$(TEST_HOST)";
				CODE_SIGN_STYLE = Automatic;
				DEVELOPMENT_TEAM = HY9CXX38QG;
				INFOPLIST_FILE = teratail_126954Tests/Info.plist;
				LD_RUNPATH_SEARCH_PATHS = (
					"$(inherited)",
					"@executable_path/Frameworks",
					"@loader_path/Frameworks",
				);
				PRODUCT_BUNDLE_IDENTIFIER = "me.kentarou.teratail-126954Tests";
				PRODUCT_NAME = "$(TARGET_NAME)";
				SWIFT_VERSION = 4.0;
				TARGETED_DEVICE_FAMILY = "1,2";
				TEST_HOST = "$(BUILT_PRODUCTS_DIR)/teratail_126954.app/teratail_126954";
			};
			name = Debug;
		};
		367EBAEB20B1B00B00968BBC /* Release */ = {
			isa = XCBuildConfiguration;
			buildSettings = {
				ALWAYS_EMBED_SWIFT_STANDARD_LIBRARIES = YES;
				BUNDLE_LOADER = "$(TEST_HOST)";
				CODE_SIGN_STYLE = Automatic;
				DEVELOPMENT_TEAM = HY9CXX38QG;
				INFOPLIST_FILE = teratail_126954Tests/Info.plist;
				LD_RUNPATH_SEARCH_PATHS = (
					"$(inherited)",
					"@executable_path/Frameworks",
					"@loader_path/Frameworks",
				);
				PRODUCT_BUNDLE_IDENTIFIER = "me.kentarou.teratail-126954Tests";
				PRODUCT_NAME = "$(TARGET_NAME)";
				SWIFT_VERSION = 4.0;
				TARGETED_DEVICE_FAMILY = "1,2";
				TEST_HOST = "$(BUILT_PRODUCTS_DIR)/teratail_126954.app/teratail_126954";
			};
			name = Release;
		};
		367EBAED20B1B00B00968BBC /* Debug */ = {
			isa = XCBuildConfiguration;
			buildSettings = {
				ALWAYS_EMBED_SWIFT_STANDARD_LIBRARIES = YES;
				CODE_SIGN_STYLE = Automatic;
				DEVELOPMENT_TEAM = HY9CXX38QG;
				INFOPLIST_FILE = teratail_126954UITests/Info.plist;
				LD_RUNPATH_SEARCH_PATHS = (
					"$(inherited)",
					"@executable_path/Frameworks",
					"@loader_path/Frameworks",
				);
				PRODUCT_BUNDLE_IDENTIFIER = "me.kentarou.teratail-126954UITests";
				PRODUCT_NAME = "$(TARGET_NAME)";
				SWIFT_VERSION = 4.0;
				TARGETED_DEVICE_FAMILY = "1,2";
				TEST_TARGET_NAME = teratail_126954;
			};
			name = Debug;
		};
		367EBAEE20B1B00B00968BBC /* Release */ = {
			isa = XCBuildConfiguration;
			buildSettings = {
				ALWAYS_EMBED_SWIFT_STANDARD_LIBRARIES = YES;
				CODE_SIGN_STYLE = Automatic;
				DEVELOPMENT_TEAM = HY9CXX38QG;
				INFOPLIST_FILE = teratail_126954UITests/Info.plist;
				LD_RUNPATH_SEARCH_PATHS = (
					"$(inherited)",
					"@executable_path/Frameworks",
					"@loader_path/Frameworks",
				);
				PRODUCT_BUNDLE_IDENTIFIER = "me.kentarou.teratail-126954UITests";
				PRODUCT_NAME = "$(TARGET_NAME)";
				SWIFT_VERSION = 4.0;
				TARGETED_DEVICE_FAMILY = "1,2";
				TEST_TARGET_NAME = teratail_126954;
			};
			name = Release;
		};
/* End XCBuildConfiguration section */

/* Begin XCConfigurationList section */
		367EBAB920B1B00800968BBC /* Build configuration list for PBXProject "teratail_126954" */ = {
			isa = XCConfigurationList;
			buildConfigurations = (
				367EBAE420B1B00B00968BBC /* Debug */,
				367EBAE520B1B00B00968BBC /* Release */,
			);
			defaultConfigurationIsVisible = 0;
			defaultConfigurationName = Release;
		};
		367EBAE620B1B00B00968BBC /* Build configuration list for PBXNativeTarget "teratail_126954" */ = {
			isa = XCConfigurationList;
			buildConfigurations = (
				367EBAE720B1B00B00968BBC /* Debug */,
				367EBAE820B1B00B00968BBC /* Release */,
			);
			defaultConfigurationIsVisible = 0;
			defaultConfigurationName = Release;
		};
		367EBAE920B1B00B00968BBC /* Build configuration list for PBXNativeTarget "teratail_126954Tests" */ = {
			isa = XCConfigurationList;
			buildConfigurations = (
				367EBAEA20B1B00B00968BBC /* Debug */,
				367EBAEB20B1B00B00968BBC /* Release */,
			);
			defaultConfigurationIsVisible = 0;
			defaultConfigurationName = Release;
		};
		367EBAEC20B1B00B00968BBC /* Build configuration list for PBXNativeTarget "teratail_126954UITests" */ = {
			isa = XCConfigurationList;
			buildConfigurations = (
				367EBAED20B1B00B00968BBC /* Debug */,
				367EBAEE20B1B00B00968BBC /* Release */,
			);
			defaultConfigurationIsVisible = 0;
			defaultConfigurationName = Release;
		};
/* End XCConfigurationList section */
	};
	rootObject = 367EBAB620B1B00800968BBC /* Project object */;
}
